
Microsoft Visual Studio Solution File, Format Version 12.00
Project("{FAE04EC0-301F-11D3-BF4B-00C04F79EFBC}") = "T01", "T01\T01.csproj", "{FC04C059-6285-4A94-A5F0-4A0C41D9046C}"
EndProject
Project("{FAE04EC0-301F-11D3-BF4B-00C04F79EFBC}") = "T02", "T02\T02.csproj", "{C56BB294-FFC7-4F95-B997-A1883E3487AB}"
EndProject
Project("{FAE04EC0-301F-11D3-BF4B-00C04F79EFBC}") = "T03", "T03\T03.csproj", "{166500A4-7845-4975-BA6A-67D0CDF03EE6}"
EndProject
Project("{FAE04EC0-301F-11D3-BF4B-00C04F79EFBC}") = "T04", "T04\T04.csproj", "{D92CFDA3-C3C0-4D9C-9810-1DAE3695523C}"
EndProject
Project("{FAE04EC0-301F-11D3-BF4B-00C04F79EFBC}") = "T05", "T05\T05.csproj", "{93D12F64-885C-4BE5-A7F9-7F97D2221E56}"
EndProject
Project("{FAE04EC0-301F-11D3-BF4B-00C04F79EFBC}") = "T06", "T06\T06.csproj", "{890B9A0A-0664-440F-BA96-0DE92C16AAE7}"
EndProject
Project("{FAE04EC0-301F-11D3-BF4B-00C04F79EFBC}") = "T07", "T07\T07.csproj", "{E5DB16A6-44CB-4B9B-82BA-F76CAB311092}"
EndProject
Project("{FAE04EC0-301F-11D3-BF4B-00C04F79EFBC}") = "T08", "T08\T08.csproj", "{70E788B7-519D-41AA-AD8D-E8A33F836710}"
EndProject
Project("{FAE04EC0-301F-11D3-BF4B-00C04F79EFBC}") = "T09", "T09\T09.csproj", "{81866F4E-968A-4E12-9C42-F2ADAD831505}"
EndProject
Project("{FAE04EC0-301F-11D3-BF4B-00C04F79EFBC}") = "T10", "T10\T10.csproj", "{520572E9-62D6-4630-8176-2F2531DC627E}"
EndProject
Project("{FAE04EC0-301F-11D3-BF4B-00C04F79EFBC}") = "T11", "T11\T11.csproj", "{A8EE0B79-BB95-47A0-A717-28AE94FAC59E}"
EndProject
Project("{FAE04EC0-301F-11D3-BF4B-00C04F79EFBC}") = "T12", "T12\T12.csproj", "{06D79E47-6951-4EDF-B510-A81A583503DF}"
EndProject
Project("{FAE04EC0-301F-11D3-BF4B-00C04F79EFBC}") = "T13", "T13\T13.csproj", "{50AB7F3D-BC46-43B6-8331-229FD354DDA3}"
EndProject
Project("{FAE04EC0-301F-11D3-BF4B-00C04F79EFBC}") = "T14", "T14\T14.csproj", "{67154B78-A23B-4C75-8EE6-07F58E622143}"
EndProject
Project("{FAE04EC0-301F-11D3-BF4B-00C04F79EFBC}") = "T15", "T15\T15.csproj", "{0933BA85-2B16-4140-9F08-AEEE3730003C}"
EndProject
Project("{FAE04EC0-301F-11D3-BF4B-00C04F79EFBC}") = "T16", "T16\T16.csproj", "{6820D14D-2EE0-49B2-968A-60B6B7430EE3}"
EndProject
Global
	GlobalSection(SolutionConfigurationPlatforms) = preSolution
		Debug|Any CPU = Debug|Any CPU
		Release|Any CPU = Release|Any CPU
	EndGlobalSection
	GlobalSection(ProjectConfigurationPlatforms) = postSolution
		{FC04C059-6285-4A94-A5F0-4A0C41D9046C}.Debug|Any CPU.ActiveCfg = Debug|Any CPU
		{FC04C059-6285-4A94-A5F0-4A0C41D9046C}.Debug|Any CPU.Build.0 = Debug|Any CPU
		{FC04C059-6285-4A94-A5F0-4A0C41D9046C}.Release|Any CPU.ActiveCfg = Release|Any CPU
		{FC04C059-6285-4A94-A5F0-4A0C41D9046C}.Release|Any CPU.Build.0 = Release|Any CPU
		{C56BB294-FFC7-4F95-B997-A1883E3487AB}.Debug|Any CPU.ActiveCfg = Debug|Any CPU
		{C56BB294-FFC7-4F95-B997-A1883E3487AB}.Debug|Any CPU.Build.0 = Debug|Any CPU
		{C56BB294-FFC7-4F95-B997-A1883E3487AB}.Release|Any CPU.ActiveCfg = Release|Any CPU
		{C56BB294-FFC7-4F95-B997-A1883E3487AB}.Release|Any CPU.Build.0 = Release|Any CPU
		{166500A4-7845-4975-BA6A-67D0CDF03EE6}.Debug|Any CPU.ActiveCfg = Debug|Any CPU
		{166500A4-7845-4975-BA6A-67D0CDF03EE6}.Debug|Any CPU.Build.0 = Debug|Any CPU
		{166500A4-7845-4975-BA6A-67D0CDF03EE6}.Release|Any CPU.ActiveCfg = Release|Any CPU
		{166500A4-7845-4975-BA6A-67D0CDF03EE6}.Release|Any CPU.Build.0 = Release|Any CPU
		{D92CFDA3-C3C0-4D9C-9810-1DAE3695523C}.Debug|Any CPU.ActiveCfg = Debug|Any CPU
		{D92CFDA3-C3C0-4D9C-9810-1DAE3695523C}.Debug|Any CPU.Build.0 = Debug|Any CPU
		{D92CFDA3-C3C0-4D9C-9810-1DAE3695523C}.Release|Any CPU.ActiveCfg = Release|Any CPU
		{D92CFDA3-C3C0-4D9C-9810-1DAE3695523C}.Release|Any CPU.Build.0 = Release|Any CPU
		{93D12F64-885C-4BE5-A7F9-7F97D2221E56}.Debug|Any CPU.ActiveCfg = Debug|Any CPU
		{93D12F64-885C-4BE5-A7F9-7F97D2221E56}.Debug|Any CPU.Build.0 = Debug|Any CPU
		{93D12F64-885C-4BE5-A7F9-7F97D2221E56}.Release|Any CPU.ActiveCfg = Release|Any CPU
		{93D12F64-885C-4BE5-A7F9-7F97D2221E56}.Release|Any CPU.Build.0 = Release|Any CPU
		{890B9A0A-0664-440F-BA96-0DE92C16AAE7}.Debug|Any CPU.ActiveCfg = Debug|Any CPU
		{890B9A0A-0664-440F-BA96-0DE92C16AAE7}.Debug|Any CPU.Build.0 = Debug|Any CPU
		{890B9A0A-0664-440F-BA96-0DE92C16AAE7}.Release|Any CPU.ActiveCfg = Release|Any CPU
		{890B9A0A-0664-440F-BA96-0DE92C16AAE7}.Release|Any CPU.Build.0 = Release|Any CPU
		{E5DB16A6-44CB-4B9B-82BA-F76CAB311092}.Debug|Any CPU.ActiveCfg = Debug|Any CPU
		{E5DB16A6-44CB-4B9B-82BA-F76CAB311092}.Debug|Any CPU.Build.0 = Debug|Any CPU
		{E5DB16A6-44CB-4B9B-82BA-F76CAB311092}.Release|Any CPU.ActiveCfg = Release|Any CPU
		{E5DB16A6-44CB-4B9B-82BA-F76CAB311092}.Release|Any CPU.Build.0 = Release|Any CPU
		{70E788B7-519D-41AA-AD8D-E8A33F836710}.Debug|Any CPU.ActiveCfg = Debug|Any CPU
		{70E788B7-519D-41AA-AD8D-E8A33F836710}.Debug|Any CPU.Build.0 = Debug|Any CPU
		{70E788B7-519D-41AA-AD8D-E8A33F836710}.Release|Any CPU.ActiveCfg = Release|Any CPU
		{70E788B7-519D-41AA-AD8D-E8A33F836710}.Release|Any CPU.Build.0 = Release|Any CPU
		{81866F4E-968A-4E12-9C42-F2ADAD831505}.Debug|Any CPU.ActiveCfg = Debug|Any CPU
		{81866F4E-968A-4E12-9C42-F2ADAD831505}.Debug|Any CPU.Build.0 = Debug|Any CPU
		{81866F4E-968A-4E12-9C42-F2ADAD831505}.Release|Any CPU.ActiveCfg = Release|Any CPU
		{81866F4E-968A-4E12-9C42-F2ADAD831505}.Release|Any CPU.Build.0 = Release|Any CPU
		{520572E9-62D6-4630-8176-2F2531DC627E}.Debug|Any CPU.ActiveCfg = Debug|Any CPU
		{520572E9-62D6-4630-8176-2F2531DC627E}.Debug|Any CPU.Build.0 = Debug|Any CPU
		{520572E9-62D6-4630-8176-2F2531DC627E}.Release|Any CPU.ActiveCfg = Release|Any CPU
		{520572E9-62D6-4630-8176-2F2531DC627E}.Release|Any CPU.Build.0 = Release|Any CPU
		{A8EE0B79-BB95-47A0-A717-28AE94FAC59E}.Debug|Any CPU.ActiveCfg = Debug|Any CPU
		{A8EE0B79-BB95-47A0-A717-28AE94FAC59E}.Debug|Any CPU.Build.0 = Debug|Any CPU
		{A8EE0B79-BB95-47A0-A717-28AE94FAC59E}.Release|Any CPU.ActiveCfg = Release|Any CPU
		{A8EE0B79-BB95-47A0-A717-28AE94FAC59E}.Release|Any CPU.Build.0 = Release|Any CPU
		{06D79E47-6951-4EDF-B510-A81A583503DF}.Debug|Any CPU.ActiveCfg = Debug|Any CPU
		{06D79E47-6951-4EDF-B510-A81A583503DF}.Debug|Any CPU.Build.0 = Debug|Any CPU
		{06D79E47-6951-4EDF-B510-A81A583503DF}.Release|Any CPU.ActiveCfg = Release|Any CPU
		{06D79E47-6951-4EDF-B510-A81A583503DF}.Release|Any CPU.Build.0 = Release|Any CPU
		{50AB7F3D-BC46-43B6-8331-229FD354DDA3}.Debug|Any CPU.ActiveCfg = Debug|Any CPU
		{50AB7F3D-BC46-43B6-8331-229FD354DDA3}.Debug|Any CPU.Build.0 = Debug|Any CPU
		{50AB7F3D-BC46-43B6-8331-229FD354DDA3}.Release|Any CPU.ActiveCfg = Release|Any CPU
		{50AB7F3D-BC46-43B6-8331-229FD354DDA3}.Release|Any CPU.Build.0 = Release|Any CPU
		{67154B78-A23B-4C75-8EE6-07F58E622143}.Debug|Any CPU.ActiveCfg = Debug|Any CPU
		{67154B78-A23B-4C75-8EE6-07F58E622143}.Debug|Any CPU.Build.0 = Debug|Any CPU
		{67154B78-A23B-4C75-8EE6-07F58E622143}.Release|Any CPU.ActiveCfg = Release|Any CPU
		{67154B78-A23B-4C75-8EE6-07F58E622143}.Release|Any CPU.Build.0 = Release|Any CPU
		{0933BA85-2B16-4140-9F08-AEEE3730003C}.Debug|Any CPU.ActiveCfg = Debug|Any CPU
		{0933BA85-2B16-4140-9F08-AEEE3730003C}.Debug|Any CPU.Build.0 = Debug|Any CPU
		{0933BA85-2B16-4140-9F08-AEEE3730003C}.Release|Any CPU.ActiveCfg = Release|Any CPU
		{0933BA85-2B16-4140-9F08-AEEE3730003C}.Release|Any CPU.Build.0 = Release|Any CPU
		{6820D14D-2EE0-49B2-968A-60B6B7430EE3}.Debug|Any CPU.ActiveCfg = Debug|Any CPU
		{6820D14D-2EE0-49B2-968A-60B6B7430EE3}.Debug|Any CPU.Build.0 = Debug|Any CPU
		{6820D14D-2EE0-49B2-968A-60B6B7430EE3}.Release|Any CPU.ActiveCfg = Release|Any CPU
		{6820D14D-2EE0-49B2-968A-60B6B7430EE3}.Release|Any CPU.Build.0 = Release|Any CPU
	EndGlobalSection
EndGlobal
